{
	"name": "distributedeventemitter",
	"version": "1.0.0",
	"lockfileVersion": 1,
	"requires": true,
	"dependencies": {
		"@types/msgpack-lite": {
			"version": "0.1.7",
			"resolved": "https://registry.npmjs.org/@types/msgpack-lite/-/msgpack-lite-0.1.7.tgz",
			"integrity": "sha512-OYPf2ExHl0TKuDn7M/356RDyCiqOQEs8f+SfePpbfHJJ7C8mqgp4ShgeUTuE8W7Tui2txbyVPiRiDPeK3D9PPA==",
			"requires": {
				"@types/node": "*"
			}
		},
		"@types/nanoid": {
			"version": "2.1.0",
			"resolved": "https://registry.npmjs.org/@types/nanoid/-/nanoid-2.1.0.tgz",
			"integrity": "sha512-xdkn/oRTA0GSNPLIKZgHWqDTWZsVrieKomxJBOQUK9YDD+zfSgmwD5t4WJYra5S7XyhTw7tfvwznW+pFexaepQ==",
			"requires": {
				"@types/node": "*"
			}
		},
		"@types/nanomsg": {
			"version": "3.2.2",
			"resolved": "https://registry.npmjs.org/@types/nanomsg/-/nanomsg-3.2.2.tgz",
			"integrity": "sha1-DulpNuG8DDQKZR3kcxA1gy+J46g=",
			"requires": {
				"@types/node": "*"
			}
		},
		"@types/node": {
			"version": "13.7.4",
			"resolved": "https://registry.npmjs.org/@types/node/-/node-13.7.4.tgz",
			"integrity": "sha512-oVeL12C6gQS/GAExndigSaLxTrKpQPxewx9bOcwfvJiJge4rr7wNaph4J+ns5hrmIV2as5qxqN8YKthn9qh0jw=="
		},
		"bindings": {
			"version": "1.2.1",
			"resolved": "https://registry.npmjs.org/bindings/-/bindings-1.2.1.tgz",
			"integrity": "sha1-FK1hE4EtLTfXLme0ystLtyZQXxE="
		},
		"event-lite": {
			"version": "0.1.2",
			"resolved": "https://registry.npmjs.org/event-lite/-/event-lite-0.1.2.tgz",
			"integrity": "sha512-HnSYx1BsJ87/p6swwzv+2v6B4X+uxUteoDfRxsAb1S1BePzQqOLevVmkdA15GHJVd9A9Ok6wygUR18Hu0YeV9g=="
		},
		"get-port": {
			"version": "5.1.1",
			"resolved": "https://registry.npmjs.org/get-port/-/get-port-5.1.1.tgz",
			"integrity": "sha512-g/Q1aTSDOxFpchXC4i8ZWvxA1lnPqx/JHqcpIw0/LX9T8x/GBbi6YnlN5nhaKIFkT8oFsscUKgDJYxfwfS6QsQ=="
		},
		"ieee754": {
			"version": "1.1.13",
			"resolved": "https://registry.npmjs.org/ieee754/-/ieee754-1.1.13.tgz",
			"integrity": "sha512-4vf7I2LYV/HaWerSo3XmlMkp5eZ83i+/CDluXi/IGTs/O1sejBNhTtnxzmRZfvOUqj7lZjqHkeTvpgSFDlWZTg=="
		},
		"int64-buffer": {
			"version": "0.1.10",
			"resolved": "https://registry.npmjs.org/int64-buffer/-/int64-buffer-0.1.10.tgz",
			"integrity": "sha1-J3siiofZWtd30HwTgyAiQGpHNCM="
		},
		"isarray": {
			"version": "1.0.0",
			"resolved": "https://registry.npmjs.org/isarray/-/isarray-1.0.0.tgz",
			"integrity": "sha1-u5NdSFgsuhaMBoNJV6VKPgcSTxE="
		},
		"msgpack-lite": {
			"version": "0.1.26",
			"resolved": "https://registry.npmjs.org/msgpack-lite/-/msgpack-lite-0.1.26.tgz",
			"integrity": "sha1-3TxQsm8FnyXn7e42REGDWOKprYk=",
			"requires": {
				"event-lite": "^0.1.1",
				"ieee754": "^1.1.8",
				"int64-buffer": "^0.1.9",
				"isarray": "^1.0.0"
			}
		},
		"nan": {
			"version": "2.14.0",
			"resolved": "https://registry.npmjs.org/nan/-/nan-2.14.0.tgz",
			"integrity": "sha512-INOFj37C7k3AfaNTtX8RhsTw7qRy7eLET14cROi9+5HAVbbHuIWUHEauBv5qT4Av2tWasiTY1Jw6puUNqRJXQg=="
		},
		"nanoid": {
			"version": "2.1.11",
			"resolved": "https://registry.npmjs.org/nanoid/-/nanoid-2.1.11.tgz",
			"integrity": "sha512-s/snB+WGm6uwi0WjsZdaVcuf3KJXlfGl2LcxgwkEwJF0D/BWzVWAZW/XY4bFaiR7s0Jk3FPvlnepg1H1b1UwlA=="
		},
		"nanomsg": {
			"version": "4.1.0",
			"resolved": "https://registry.npmjs.org/nanomsg/-/nanomsg-4.1.0.tgz",
			"integrity": "sha512-R4bsxZAPnH4fbEj9pzCFnc6ySfLupy61yBCAJqh6FGK9BMR8D+5oc0Ceq/KjsKtoT1DwjfSchnDoChHX40WJSQ==",
			"requires": {
				"bindings": "1.2.1",
				"nan": "2.14.0"
			}
		}
	}
}
